
Microsoft Visual Studio Solution File, Format Version 12.00
# Visual Studio 15
VisualStudioVersion = 15.0.26730.15
MinimumVisualStudioVersion = 10.0.40219.1
Project("{FAE04EC0-301F-11D3-BF4B-00C04F79EFBC}") = "Csp2.net.Test", "Csp2.net.Test.csproj", "{E3026F78-3952-4CD8-BF22-D0C7B3AEE15B}"
EndProject
Global
	GlobalSection(SolutionConfigurationPlatforms) = preSolution
		Debug|x64 = Debug|x64
		Debug|x86 = Debug|x86
		Release|x64 = Release|x64
		Release|x86 = Release|x86
	EndGlobalSection
	GlobalSection(ProjectConfigurationPlatforms) = postSolution
		{E3026F78-3952-4CD8-BF22-D0C7B3AEE15B}.Debug|x64.ActiveCfg = Debug|x64
		{E3026F78-3952-4CD8-BF22-D0C7B3AEE15B}.Debug|x64.Build.0 = Debug|x64
		{E3026F78-3952-4CD8-BF22-D0C7B3AEE15B}.Debug|x86.ActiveCfg = Release|x86
		{E3026F78-3952-4CD8-BF22-D0C7B3AEE15B}.Debug|x86.Build.0 = Release|x86
		{E3026F78-3952-4CD8-BF22-D0C7B3AEE15B}.Release|x64.ActiveCfg = Release|x86
		{E3026F78-3952-4CD8-BF22-D0C7B3AEE15B}.Release|x64.Build.0 = Release|x86
		{E3026F78-3952-4CD8-BF22-D0C7B3AEE15B}.Release|x86.ActiveCfg = Release|x86
		{E3026F78-3952-4CD8-BF22-D0C7B3AEE15B}.Release|x86.Build.0 = Release|x86
	EndGlobalSection
	GlobalSection(SolutionProperties) = preSolution
		HideSolutionNode = FALSE
	EndGlobalSection
	GlobalSection(ExtensibilityGlobals) = postSolution
		SolutionGuid = {03C7126F-003E-4C0F-9C18-68F96667DDCC}
	EndGlobalSection
EndGlobal
